
Microsoft Visual Studio Solution File, Format Version 12.00
# Visual Studio Version 17
VisualStudioVersion = 17.5.33516.290
MinimumVisualStudioVersion = 10.0.40219.1
Project("{FAE04EC0-301F-11D3-BF4B-00C04F79EFBC}") = "Mirgation06_12", "Mirgation06_12.csproj", "{EF39C72E-3DD0-45A9-A112-401B4DECAA35}"
EndProject
Global
	GlobalSection(SolutionConfigurationPlatforms) = preSolution
		Debug|Any CPU = Debug|Any CPU
		Release|Any CPU = Release|Any CPU
	EndGlobalSection
	GlobalSection(ProjectConfigurationPlatforms) = postSolution
		{EF39C72E-3DD0-45A9-A112-401B4DECAA35}.Debug|Any CPU.ActiveCfg = Debug|Any CPU
		{EF39C72E-3DD0-45A9-A112-401B4DECAA35}.Debug|Any CPU.Build.0 = Debug|Any CPU
		{EF39C72E-3DD0-45A9-A112-401B4DECAA35}.Release|Any CPU.ActiveCfg = Release|Any CPU
		{EF39C72E-3DD0-45A9-A112-401B4DECAA35}.Release|Any CPU.Build.0 = Release|Any CPU
	EndGlobalSection
	GlobalSection(SolutionProperties) = preSolution
		HideSolutionNode = FALSE
	EndGlobalSection
	GlobalSection(ExtensibilityGlobals) = postSolution
		SolutionGuid = {F15414EC-C8DD-4E1A-8523-DF78CEFB1C3E}
	EndGlobalSection
EndGlobal
